
Microsoft Visual Studio Solution File, Format Version 12.00
# Visual Studio Version 16
VisualStudioVersion = 16.0.29806.167
MinimumVisualStudioVersion = 10.0.40219.1
Project("{9A19103F-16F7-4668-BE54-9A1E7A4F7556}") = "Api", "Api\Api.csproj", "{AAFF2DB1-6F1C-4584-A34A-8A3237429FE8}"
EndProject
Project("{9A19103F-16F7-4668-BE54-9A1E7A4F7556}") = "Commands", "Commands\Commands.csproj", "{73DE7EA0-5052-44D9-BC89-17B693A68F02}"
EndProject
Project("{9A19103F-16F7-4668-BE54-9A1E7A4F7556}") = "CommandsHandler", "CommandsHandler\CommandsHandler.csproj", "{2BEF81EF-9769-4E54-8FF7-C2B424D369DE}"
EndProject
Project("{9A19103F-16F7-4668-BE54-9A1E7A4F7556}") = "Domain", "Domain\Domain.csproj", "{3FCEA092-FA11-4429-9C10-90A32FD949C9}"
EndProject
Project("{9A19103F-16F7-4668-BE54-9A1E7A4F7556}") = "Queries", "Queries\Queries.csproj", "{F2FAE455-42A6-43A7-A3FA-0FBE2F626A19}"
EndProject
Project("{9A19103F-16F7-4668-BE54-9A1E7A4F7556}") = "QueriesHandler", "QueriesHandler\QueriesHandler.csproj", "{E773C88D-E0EA-4703-AA05-EE8659C54A11}"
EndProject
Project("{9A19103F-16F7-4668-BE54-9A1E7A4F7556}") = "Repository", "Repository\Repository.csproj", "{E649E830-4412-4F39-A19B-19BDA02D5151}"
EndProject
Project("{2150E333-8FDC-42A3-9474-1A3956D46DE8}") = "Core", "Core", "{2DA9ACC1-52AE-4104-A77E-189969880C99}"
EndProject
Project("{9A19103F-16F7-4668-BE54-9A1E7A4F7556}") = "Core.Domain", "Core.Domain\Core.Domain.csproj", "{58BA6007-74CF-4ABB-9B69-559A1B4B3534}"
EndProject
Project("{9A19103F-16F7-4668-BE54-9A1E7A4F7556}") = "Core.Utilities", "Core.Utilities\Core.Utilities.csproj", "{31F03FF4-B201-4769-AD17-7D5B34D24A4F}"
EndProject
Project("{9A19103F-16F7-4668-BE54-9A1E7A4F7556}") = "Core.Common", "Core.Common\Core.Common.csproj", "{F4F28E4A-06CB-4202-9AFF-E5AA5F0736F4}"
EndProject
Project("{9A19103F-16F7-4668-BE54-9A1E7A4F7556}") = "Core.Queries", "Core.Queries\Core.Queries.csproj", "{BFB7E284-B32D-4257-ACF5-AF301A93889C}"
EndProject
Project("{9A19103F-16F7-4668-BE54-9A1E7A4F7556}") = "Core.Commands", "Core.Commands\Core.Commands.csproj", "{4B502DA9-0650-435A-A1B6-C3400E1B5990}"
EndProject
Project("{9A19103F-16F7-4668-BE54-9A1E7A4F7556}") = "Test", "Test\Test.csproj", "{DD245B43-B47E-45FD-9511-CA32F7757725}"
EndProject
Global
	GlobalSection(SolutionConfigurationPlatforms) = preSolution
		Debug|Any CPU = Debug|Any CPU
		Release|Any CPU = Release|Any CPU
	EndGlobalSection
	GlobalSection(ProjectConfigurationPlatforms) = postSolution
		{AAFF2DB1-6F1C-4584-A34A-8A3237429FE8}.Debug|Any CPU.ActiveCfg = Debug|Any CPU
		{AAFF2DB1-6F1C-4584-A34A-8A3237429FE8}.Debug|Any CPU.Build.0 = Debug|Any CPU
		{AAFF2DB1-6F1C-4584-A34A-8A3237429FE8}.Release|Any CPU.ActiveCfg = Release|Any CPU
		{AAFF2DB1-6F1C-4584-A34A-8A3237429FE8}.Release|Any CPU.Build.0 = Release|Any CPU
		{73DE7EA0-5052-44D9-BC89-17B693A68F02}.Debug|Any CPU.ActiveCfg = Debug|Any CPU
		{73DE7EA0-5052-44D9-BC89-17B693A68F02}.Debug|Any CPU.Build.0 = Debug|Any CPU
		{73DE7EA0-5052-44D9-BC89-17B693A68F02}.Release|Any CPU.ActiveCfg = Release|Any CPU
		{73DE7EA0-5052-44D9-BC89-17B693A68F02}.Release|Any CPU.Build.0 = Release|Any CPU
		{2BEF81EF-9769-4E54-8FF7-C2B424D369DE}.Debug|Any CPU.ActiveCfg = Debug|Any CPU
		{2BEF81EF-9769-4E54-8FF7-C2B424D369DE}.Debug|Any CPU.Build.0 = Debug|Any CPU
		{2BEF81EF-9769-4E54-8FF7-C2B424D369DE}.Release|Any CPU.ActiveCfg = Release|Any CPU
		{2BEF81EF-9769-4E54-8FF7-C2B424D369DE}.Release|Any CPU.Build.0 = Release|Any CPU
		{3FCEA092-FA11-4429-9C10-90A32FD949C9}.Debug|Any CPU.ActiveCfg = Debug|Any CPU
		{3FCEA092-FA11-4429-9C10-90A32FD949C9}.Debug|Any CPU.Build.0 = Debug|Any CPU
		{3FCEA092-FA11-4429-9C10-90A32FD949C9}.Release|Any CPU.ActiveCfg = Release|Any CPU
		{3FCEA092-FA11-4429-9C10-90A32FD949C9}.Release|Any CPU.Build.0 = Release|Any CPU
		{F2FAE455-42A6-43A7-A3FA-0FBE2F626A19}.Debug|Any CPU.ActiveCfg = Debug|Any CPU
		{F2FAE455-42A6-43A7-A3FA-0FBE2F626A19}.Debug|Any CPU.Build.0 = Debug|Any CPU
		{F2FAE455-42A6-43A7-A3FA-0FBE2F626A19}.Release|Any CPU.ActiveCfg = Release|Any CPU
		{F2FAE455-42A6-43A7-A3FA-0FBE2F626A19}.Release|Any CPU.Build.0 = Release|Any CPU
		{E773C88D-E0EA-4703-AA05-EE8659C54A11}.Debug|Any CPU.ActiveCfg = Debug|Any CPU
		{E773C88D-E0EA-4703-AA05-EE8659C54A11}.Debug|Any CPU.Build.0 = Debug|Any CPU
		{E773C88D-E0EA-4703-AA05-EE8659C54A11}.Release|Any CPU.ActiveCfg = Release|Any CPU
		{E773C88D-E0EA-4703-AA05-EE8659C54A11}.Release|Any CPU.Build.0 = Release|Any CPU
		{E649E830-4412-4F39-A19B-19BDA02D5151}.Debug|Any CPU.ActiveCfg = Debug|Any CPU
		{E649E830-4412-4F39-A19B-19BDA02D5151}.Debug|Any CPU.Build.0 = Debug|Any CPU
		{E649E830-4412-4F39-A19B-19BDA02D5151}.Release|Any CPU.ActiveCfg = Release|Any CPU
		{E649E830-4412-4F39-A19B-19BDA02D5151}.Release|Any CPU.Build.0 = Release|Any CPU
		{58BA6007-74CF-4ABB-9B69-559A1B4B3534}.Debug|Any CPU.ActiveCfg = Debug|Any CPU
		{58BA6007-74CF-4ABB-9B69-559A1B4B3534}.Debug|Any CPU.Build.0 = Debug|Any CPU
		{58BA6007-74CF-4ABB-9B69-559A1B4B3534}.Release|Any CPU.ActiveCfg = Release|Any CPU
		{58BA6007-74CF-4ABB-9B69-559A1B4B3534}.Release|Any CPU.Build.0 = Release|Any CPU
		{31F03FF4-B201-4769-AD17-7D5B34D24A4F}.Debug|Any CPU.ActiveCfg = Debug|Any CPU
		{31F03FF4-B201-4769-AD17-7D5B34D24A4F}.Debug|Any CPU.Build.0 = Debug|Any CPU
		{31F03FF4-B201-4769-AD17-7D5B34D24A4F}.Release|Any CPU.ActiveCfg = Release|Any CPU
		{31F03FF4-B201-4769-AD17-7D5B34D24A4F}.Release|Any CPU.Build.0 = Release|Any CPU
		{F4F28E4A-06CB-4202-9AFF-E5AA5F0736F4}.Debug|Any CPU.ActiveCfg = Debug|Any CPU
		{F4F28E4A-06CB-4202-9AFF-E5AA5F0736F4}.Debug|Any CPU.Build.0 = Debug|Any CPU
		{F4F28E4A-06CB-4202-9AFF-E5AA5F0736F4}.Release|Any CPU.ActiveCfg = Release|Any CPU
		{F4F28E4A-06CB-4202-9AFF-E5AA5F0736F4}.Release|Any CPU.Build.0 = Release|Any CPU
		{BFB7E284-B32D-4257-ACF5-AF301A93889C}.Debug|Any CPU.ActiveCfg = Debug|Any CPU
		{BFB7E284-B32D-4257-ACF5-AF301A93889C}.Debug|Any CPU.Build.0 = Debug|Any CPU
		{BFB7E284-B32D-4257-ACF5-AF301A93889C}.Release|Any CPU.ActiveCfg = Release|Any CPU
		{BFB7E284-B32D-4257-ACF5-AF301A93889C}.Release|Any CPU.Build.0 = Release|Any CPU
		{4B502DA9-0650-435A-A1B6-C3400E1B5990}.Debug|Any CPU.ActiveCfg = Debug|Any CPU
		{4B502DA9-0650-435A-A1B6-C3400E1B5990}.Debug|Any CPU.Build.0 = Debug|Any CPU
		{4B502DA9-0650-435A-A1B6-C3400E1B5990}.Release|Any CPU.ActiveCfg = Release|Any CPU
		{4B502DA9-0650-435A-A1B6-C3400E1B5990}.Release|Any CPU.Build.0 = Release|Any CPU
		{DD245B43-B47E-45FD-9511-CA32F7757725}.Debug|Any CPU.ActiveCfg = Debug|Any CPU
		{DD245B43-B47E-45FD-9511-CA32F7757725}.Debug|Any CPU.Build.0 = Debug|Any CPU
		{DD245B43-B47E-45FD-9511-CA32F7757725}.Release|Any CPU.ActiveCfg = Release|Any CPU
		{DD245B43-B47E-45FD-9511-CA32F7757725}.Release|Any CPU.Build.0 = Release|Any CPU
	EndGlobalSection
	GlobalSection(SolutionProperties) = preSolution
		HideSolutionNode = FALSE
	EndGlobalSection
	GlobalSection(NestedProjects) = preSolution
		{58BA6007-74CF-4ABB-9B69-559A1B4B3534} = {2DA9ACC1-52AE-4104-A77E-189969880C99}
		{31F03FF4-B201-4769-AD17-7D5B34D24A4F} = {2DA9ACC1-52AE-4104-A77E-189969880C99}
		{F4F28E4A-06CB-4202-9AFF-E5AA5F0736F4} = {2DA9ACC1-52AE-4104-A77E-189969880C99}
		{BFB7E284-B32D-4257-ACF5-AF301A93889C} = {2DA9ACC1-52AE-4104-A77E-189969880C99}
		{4B502DA9-0650-435A-A1B6-C3400E1B5990} = {2DA9ACC1-52AE-4104-A77E-189969880C99}
	EndGlobalSection
	GlobalSection(ExtensibilityGlobals) = postSolution
		SolutionGuid = {11D55A78-B26C-42C2-8A54-1166BF16E027}
	EndGlobalSection
EndGlobal
